{
  "name": "kendo",
  "version": "1.0.0",
  "lockfileVersion": 1,
  "requires": true,
  "dependencies": {
    "@progress/kendo-angular-intl": {
      "version": "2.0.1",
      "resolved": "https://registry.npmjs.org/@progress/kendo-angular-intl/-/kendo-angular-intl-2.0.1.tgz",
      "integrity": "sha512-iXFqwy59OjZORxTdDN/kMxwhAiP6Vw0HCiyYTxLcih/mQTAyYk+CVn7HDMse5jKRsuASCrTbx66KDfKDIxtajA==",
      "requires": {
        "@telerik/kendo-intl": "^2.1.0",
        "tslib": "^1.9.0"
      }
    },
    "@telerik/kendo-intl": {
      "version": "2.2.0",
      "resolved": "https://registry.npmjs.org/@telerik/kendo-intl/-/kendo-intl-2.2.0.tgz",
      "integrity": "sha512-NYBXSzknwOZjdEWB62a5xXBuzNzHatNTT+0n7NvIotEyHl6wpcfVnqOkQ2DnrwN9VI0YzhPT9hbAhc+njUxQpw=="
    },
    "tslib": {
      "version": "1.13.0",
      "resolved": "https://registry.npmjs.org/tslib/-/tslib-1.13.0.tgz",
      "integrity": "sha512-i/6DQjL8Xf3be4K/E6Wgpekn5Qasl1usyw++dAA35Ue5orEn65VIxOA+YvNNl9HV3qv70T7CNwjODHZrLwvd1Q=="
    }
  }
}
